// !$*UTF8*$!
{
	archiveVersion = 1;
	classes = {
	};
	objectVersion = 50;
	objects = {

/* Begin PBXBuildFile section */
		6611B1AC243C58C100F9E584 /* AppDelegate.swift in Sources */ = {isa = PBXBuildFile; fileRef = 6611B1AB243C58C100F9E584 /* AppDelegate.swift */; };
		6611B1AE243C58C100F9E584 /* SceneDelegate.swift in Sources */ = {isa = PBXBuildFile; fileRef = 6611B1AD243C58C100F9E584 /* SceneDelegate.swift */; };
		6611B1B0243C58C100F9E584 /* ViewController.swift in Sources */ = {isa = PBXBuildFile; fileRef = 6611B1AF243C58C100F9E584 /* ViewController.swift */; };
		6611B1B3243C58C100F9E584 /* Main.storyboard in Resources */ = {isa = PBXBuildFile; fileRef = 6611B1B1243C58C100F9E584 /* Main.storyboard */; };
		6611B1B5243C58C200F9E584 /* Assets.xcassets in Resources */ = {isa = PBXBuildFile; fileRef = 6611B1B4243C58C200F9E584 /* Assets.xcassets */; };
		6611B1B8243C58C200F9E584 /* LaunchScreen.storyboard in Resources */ = {isa = PBXBuildFile; fileRef = 6611B1B6243C58C200F9E584 /* LaunchScreen.storyboard */; };
		6611B1C0243C58FC00F9E584 /* TodosTableViewController.swift in Sources */ = {isa = PBXBuildFile; fileRef = 6611B1BF243C58FC00F9E584 /* TodosTableViewController.swift */; };
		6611B1C2243C591000F9E584 /* TodoViewController.swift in Sources */ = {isa = PBXBuildFile; fileRef = 6611B1C1243C591000F9E584 /* TodoViewController.swift */; };
		6611B1C4243DBAF300F9E584 /* Todo.swift in Sources */ = {isa = PBXBuildFile; fileRef = 6611B1C3243DBAF300F9E584 /* Todo.swift */; };
/* End PBXBuildFile section */

/* Begin PBXFileReference section */
		6611B1A8243C58C100F9E584 /* Todos.app */ = {isa = PBXFileReference; explicitFileType = wrapper.application; includeInIndex = 0; path = Todos.app; sourceTree = BUILT_PRODUCTS_DIR; };
		6611B1AB243C58C100F9E584 /* AppDelegate.swift */ = {isa = PBXFileReference; lastKnownFileType = sourcecode.swift; path = AppDelegate.swift; sourceTree = "<group>"; };
		6611B1AD243C58C100F9E584 /* SceneDelegate.swift */ = {isa = PBXFileReference; lastKnownFileType = sourcecode.swift; path = SceneDelegate.swift; sourceTree = "<group>"; };
		6611B1AF243C58C100F9E584 /* ViewController.swift */ = {isa = PBXFileReference; lastKnownFileType = sourcecode.swift; path = ViewController.swift; sourceTree = "<group>"; };
		6611B1B2243C58C100F9E584 /* Base */ = {isa = PBXFileReference; lastKnownFileType = file.storyboard; name = Base; path = Base.lproj/Main.storyboard; sourceTree = "<group>"; };
		6611B1B4243C58C200F9E584 /* Assets.xcassets */ = {isa = PBXFileReference; lastKnownFileType = folder.assetcatalog; path = Assets.xcassets; sourceTree = "<group>"; };
		6611B1B7243C58C200F9E584 /* Base */ = {isa = PBXFileReference; lastKnownFileType = file.storyboard; name = Base; path = Base.lproj/LaunchScreen.storyboard; sourceTree = "<group>"; };
		6611B1B9243C58C200F9E584 /* Info.plist */ = {isa = PBXFileReference; lastKnownFileType = text.plist.xml; path = Info.plist; sourceTree = "<group>"; };
		6611B1BF243C58FC00F9E584 /* TodosTableViewController.swift */ = {isa = PBXFileReference; lastKnownFileType = sourcecode.swift; path = TodosTableViewController.swift; sourceTree = SOURCE_ROOT; };
		6611B1C1243C591000F9E584 /* TodoViewController.swift */ = {isa = PBXFileReference; lastKnownFileType = sourcecode.swift; path = TodoViewController.swift; sourceTree = "<group>"; };
		6611B1C3243DBAF300F9E584 /* Todo.swift */ = {isa = PBXFileReference; lastKnownFileType = sourcecode.swift; path = Todo.swift; sourceTree = "<group>"; };
/* End PBXFileReference section */

/* Begin PBXFrameworksBuildPhase section */
		6611B1A5243C58C100F9E584 /* Frameworks */ = {
			isa = PBXFrameworksBuildPhase;
			buildActionMask = 2147483647;
			files = (
			);
			runOnlyForDeploymentPostprocessing = 0;
		};
/* End PBXFrameworksBuildPhase section */

/* Begin PBXGroup section */
		6611B19F243C58C100F9E584 = {
			isa = PBXGroup;
			children = (
				6611B1AA243C58C100F9E584 /* Todos */,
				6611B1A9243C58C100F9E584 /* Products */,
			);
			sourceTree = "<group>";
		};
		6611B1A9243C58C100F9E584 /* Products */ = {
			isa = PBXGroup;
			children = (
				6611B1A8243C58C100F9E584 /* Todos.app */,
			);
			name = Products;
			sourceTree = "<group>";
		};
		6611B1AA243C58C100F9E584 /* Todos */ = {
			isa = PBXGroup;
			children = (
				6611B1BF243C58FC00F9E584 /* TodosTableViewController.swift */,
				6611B1AB243C58C100F9E584 /* AppDelegate.swift */,
				6611B1AD243C58C100F9E584 /* SceneDelegate.swift */,
				6611B1AF243C58C100F9E584 /* ViewController.swift */,
				6611B1B1243C58C100F9E584 /* Main.storyboard */,
				6611B1C3243DBAF300F9E584 /* Todo.swift */,
				6611B1B4243C58C200F9E584 /* Assets.xcassets */,
				6611B1B6243C58C200F9E584 /* LaunchScreen.storyboard */,
				6611B1B9243C58C200F9E584 /* Info.plist */,
				6611B1C1243C591000F9E584 /* TodoViewController.swift */,
			);
			path = Todos;
			sourceTree = "<group>";
		};
/* End PBXGroup section */

/* Begin PBXNativeTarget section */
		6611B1A7243C58C100F9E584 /* Todos */ = {
			isa = PBXNativeTarget;
			buildConfigurationList = 6611B1BC243C58C200F9E584 /* Build configuration list for PBXNativeTarget "Todos" */;
			buildPhases = (
				6611B1A4243C58C100F9E584 /* Sources */,
				6611B1A5243C58C100F9E584 /* Frameworks */,
				6611B1A6243C58C100F9E584 /* Resources */,
			);
			buildRules = (
			);
			dependencies = (
			);
			name = Todos;
			productName = Todos;
			productReference = 6611B1A8243C58C100F9E584 /* Todos.app */;
			productType = "com.apple.product-type.application";
		};
/* End PBXNativeTarget section */

/* Begin PBXProject section */
		6611B1A0243C58C100F9E584 /* Project object */ = {
			isa = PBXProject;
			attributes = {
				LastSwiftUpdateCheck = 1140;
				LastUpgradeCheck = 1140;
				ORGANIZATIONNAME = soonhyuk;
				TargetAttributes = {
					6611B1A7243C58C100F9E584 = {
						CreatedOnToolsVersion = 11.4;
					};
				};
			};
			buildConfigurationList = 6611B1A3243C58C100F9E584 /* Build configuration list for PBXProject "Todos" */;
			compatibilityVersion = "Xcode 9.3";
			developmentRegion = en;
			hasScannedForEncodings = 0;
			knownRegions = (
				en,
				Base,
			);
			mainGroup = 6611B19F243C58C100F9E584;
			productRefGroup = 6611B1A9243C58C100F9E584 /* Products */;
			projectDirPath = "";
			projectRoot = "";
			targets = (
				6611B1A7243C58C100F9E584 /* Todos */,
			);
		};
/* End PBXProject section */

/* Begin PBXResourcesBuildPhase section */
		6611B1A6243C58C100F9E584 /* Resources */ = {
			isa = PBXResourcesBuildPhase;
			buildActionMask = 2147483647;
			files = (
				6611B1B8243C58C200F9E584 /* LaunchScreen.storyboard in Resources */,
				6611B1B5243C58C200F9E584 /* Assets.xcassets in Resources */,
				6611B1B3243C58C100F9E584 /* Main.storyboard in Resources */,
			);
			runOnlyForDeploymentPostprocessing = 0;
		};
/* End PBXResourcesBuildPhase section */

/* Begin PBXSourcesBuildPhase section */
		6611B1A4243C58C100F9E584 /* Sources */ = {
			isa = PBXSourcesBuildPhase;
			buildActionMask = 2147483647;
			files = (
				6611B1C2243C591000F9E584 /* TodoViewController.swift in Sources */,
				6611B1C4243DBAF300F9E584 /* Todo.swift in Sources */,
				6611B1B0243C58C100F9E584 /* ViewController.swift in Sources */,
				6611B1C0243C58FC00F9E584 /* TodosTableViewController.swift in Sources */,
				6611B1AC243C58C100F9E584 /* AppDelegate.swift in Sources */,
				6611B1AE243C58C100F9E584 /* SceneDelegate.swift in Sources */,
			);
			runOnlyForDeploymentPostprocessing = 0;
		};
/* End PBXSourcesBuildPhase section */

/* Begin PBXVariantGroup section */
		6611B1B1243C58C100F9E584 /* Main.storyboard */ = {
			isa = PBXVariantGroup;
			children = (
				6611B1B2243C58C100F9E584 /* Base */,
			);
			name = Main.storyboard;
			sourceTree = "<group>";
		};
		6611B1B6243C58C200F9E584 /* LaunchScreen.storyboard */ = {
			isa = PBXVariantGroup;
			children = (
				6611B1B7243C58C200F9E584 /* Base */,
			);
			name = LaunchScreen.storyboard;
			sourceTree = "<group>";
		};
/* End PBXVariantGroup section */

/* Begin XCBuildConfiguration section */
		6611B1BA243C58C200F9E584 /* Debug */ = {
			isa = XCBuildConfiguration;
			buildSettings = {
				ALWAYS_SEARCH_USER_PATHS = NO;
				CLANG_ANALYZER_NONNULL = YES;
				CLANG_ANALYZER_NUMBER_OBJECT_CONVERSION = YES_AGGRESSIVE;
				CLANG_CXX_LANGUAGE_STANDARD = "gnu++14";
				CLANG_CXX_LIBRARY = "libc++";
				CLANG_ENABLE_MODULES = YES;
				CLANG_ENABLE_OBJC_ARC = YES;
				CLANG_ENABLE_OBJC_WEAK = YES;
				CLANG_WARN_BLOCK_CAPTURE_AUTORELEASING = YES;
				CLANG_WARN_BOOL_CONVERSION = YES;
				CLANG_WARN_COMMA = YES;
				CLANG_WARN_CONSTANT_CONVERSION = YES;
				CLANG_WARN_DEPRECATED_OBJC_IMPLEMENTATIONS = YES;
				CLANG_WARN_DIRECT_OBJC_ISA_USAGE = YES_ERROR;
				CLANG_WARN_DOCUMENTATION_COMMENTS = YES;
				CLANG_WARN_EMPTY_BODY = YES;
				CLANG_WARN_ENUM_CONVERSION = YES;
				CLANG_WARN_INFINITE_RECURSION = YES;
				CLANG_WARN_INT_CONVERSION = YES;
				CLANG_WARN_NON_LITERAL_NULL_CONVERSION = YES;
				CLANG_WARN_OBJC_IMPLICIT_RETAIN_SELF = YES;
				CLANG_WARN_OBJC_LITERAL_CONVERSION = YES;
				CLANG_WARN_OBJC_ROOT_CLASS = YES_ERROR;
				CLANG_WARN_RANGE_LOOP_ANALYSIS = YES;
				CLANG_WARN_STRICT_PROTOTYPES = YES;
				CLANG_WARN_SUSPICIOUS_MOVE = YES;
				CLANG_WARN_UNGUARDED_AVAILABILITY = YES_AGGRESSIVE;
				CLANG_WARN_UNREACHABLE_CODE = YES;
				CLANG_WARN__DUPLICATE_METHOD_MATCH = YES;
				COPY_PHASE_STRIP = NO;
				DEBUG_INFORMATION_FORMAT = dwarf;
				ENABLE_STRICT_OBJC_MSGSEND = YES;
				ENABLE_TESTABILITY = YES;
				GCC_C_LANGUAGE_STANDARD = gnu11;
				GCC_DYNAMIC_NO_PIC = NO;
				GCC_NO_COMMON_BLOCKS = YES;
				GCC_OPTIMIZATION_LEVEL = 0;
				GCC_PREPROCESSOR_DEFINITIONS = (
					"DEBUG=1",
					"$(inherited)",
				);
				GCC_WARN_64_TO_32_BIT_CONVERSION = YES;
				GCC_WARN_ABOUT_RETURN_TYPE = YES_ERROR;
				GCC_WARN_UNDECLARED_SELECTOR = YES;
				GCC_WARN_UNINITIALIZED_AUTOS = YES_AGGRESSIVE;
				GCC_WARN_UNUSED_FUNCTION = YES;
				GCC_WARN_UNUSED_VARIABLE = YES;
				IPHONEOS_DEPLOYMENT_TARGET = 13.4;
				MTL_ENABLE_DEBUG_INFO = INCLUDE_SOURCE;
				MTL_FAST_MATH = YES;
				ONLY_ACTIVE_ARCH = YES;
				SDKROOT = iphoneos;
				SWIFT_ACTIVE_COMPILATION_CONDITIONS = DEBUG;
				SWIFT_OPTIMIZATION_LEVEL = "-Onone";
			};
			name = Debug;
		};
		6611B1BB243C58C200F9E584 /* Release */ = {
			isa = XCBuildConfiguration;
			buildSettings = {
				ALWAYS_SEARCH_USER_PATHS = NO;
				CLANG_ANALYZER_NONNULL = YES;
				CLANG_ANALYZER_NUMBER_OBJECT_CONVERSION = YES_AGGRESSIVE;
				CLANG_CXX_LANGUAGE_STANDARD = "gnu++14";
				CLANG_CXX_LIBRARY = "libc++";
				CLANG_ENABLE_MODULES = YES;
				CLANG_ENABLE_OBJC_ARC = YES;
				CLANG_ENABLE_OBJC_WEAK = YES;
				CLANG_WARN_BLOCK_CAPTURE_AUTORELEASING = YES;
				CLANG_WARN_BOOL_CONVERSION = YES;
				CLANG_WARN_COMMA = YES;
				CLANG_WARN_CONSTANT_CONVERSION = YES;
				CLANG_WARN_DEPRECATED_OBJC_IMPLEMENTATIONS = YES;
				CLANG_WARN_DIRECT_OBJC_ISA_USAGE = YES_ERROR;
				CLANG_WARN_DOCUMENTATION_COMMENTS = YES;
				CLANG_WARN_EMPTY_BODY = YES;
				CLANG_WARN_ENUM_CONVERSION = YES;
				CLANG_WARN_INFINITE_RECURSION = YES;
				CLANG_WARN_INT_CONVERSION = YES;
				CLANG_WARN_NON_LITERAL_NULL_CONVERSION = YES;
				CLANG_WARN_OBJC_IMPLICIT_RETAIN_SELF = YES;
				CLANG_WARN_OBJC_LITERAL_CONVERSION = YES;
				CLANG_WARN_OBJC_ROOT_CLASS = YES_ERROR;
				CLANG_WARN_RANGE_LOOP_ANALYSIS = YES;
				CLANG_WARN_STRICT_PROTOTYPES = YES;
				CLANG_WARN_SUSPICIOUS_MOVE = YES;
				CLANG_WARN_UNGUARDED_AVAILABILITY = YES_AGGRESSIVE;
				CLANG_WARN_UNREACHABLE_CODE = YES;
				CLANG_WARN__DUPLICATE_METHOD_MATCH = YES;
				COPY_PHASE_STRIP = NO;
				DEBUG_INFORMATION_FORMAT = "dwarf-with-dsym";
				ENABLE_NS_ASSERTIONS = NO;
				ENABLE_STRICT_OBJC_MSGSEND = YES;
				GCC_C_LANGUAGE_STANDARD = gnu11;
				GCC_NO_COMMON_BLOCKS = YES;
				GCC_WARN_64_TO_32_BIT_CONVERSION = YES;
				GCC_WARN_ABOUT_RETURN_TYPE = YES_ERROR;
				GCC_WARN_UNDECLARED_SELECTOR = YES;
				GCC_WARN_UNINITIALIZED_AUTOS = YES_AGGRESSIVE;
				GCC_WARN_UNUSED_FUNCTION = YES;
				GCC_WARN_UNUSED_VARIABLE = YES;
				IPHONEOS_DEPLOYMENT_TARGET = 13.4;
				MTL_ENABLE_DEBUG_INFO = NO;
				MTL_FAST_MATH = YES;
				SDKROOT = iphoneos;
				SWIFT_COMPILATION_MODE = wholemodule;
				SWIFT_OPTIMIZATION_LEVEL = "-O";
				VALIDATE_PRODUCT = YES;
			};
			name = Release;
		};
		6611B1BD243C58C200F9E584 /* Debug */ = {
			isa = XCBuildConfiguration;
			buildSettings = {
				ASSETCATALOG_COMPILER_APPICON_NAME = AppIcon;
				CODE_SIGN_STYLE = Automatic;
				INFOPLIST_FILE = Todos/Info.plist;
				LD_RUNPATH_SEARCH_PATHS = (
					"$(inherited)",
					"@executable_path/Frameworks",
				);
				PRODUCT_BUNDLE_IDENTIFIER = so.Todos;
				PRODUCT_NAME = "$(TARGET_NAME)";
				SWIFT_VERSION = 5.0;
				TARGETED_DEVICE_FAMILY = "1,2";
			};
			name = Debug;
		};
		6611B1BE243C58C200F9E584 /* Release */ = {
			isa = XCBuildConfiguration;
			buildSettings = {
				ASSETCATALOG_COMPILER_APPICON_NAME = AppIcon;
				CODE_SIGN_STYLE = Automatic;
				INFOPLIST_FILE = Todos/Info.plist;
				LD_RUNPATH_SEARCH_PATHS = (
					"$(inherited)",
					"@executable_path/Frameworks",
				);
				PRODUCT_BUNDLE_IDENTIFIER = so.Todos;
				PRODUCT_NAME = "$(TARGET_NAME)";
				SWIFT_VERSION = 5.0;
				TARGETED_DEVICE_FAMILY = "1,2";
			};
			name = Release;
		};
/* End XCBuildConfiguration section */

/* Begin XCConfigurationList section */
		6611B1A3243C58C100F9E584 /* Build configuration list for PBXProject "Todos" */ = {
			isa = XCConfigurationList;
			buildConfigurations = (
				6611B1BA243C58C200F9E584 /* Debug */,
				6611B1BB243C58C200F9E584 /* Release */,
			);
			defaultConfigurationIsVisible = 0;
			defaultConfigurationName = Release;
		};
		6611B1BC243C58C200F9E584 /* Build configuration list for PBXNativeTarget "Todos" */ = {
			isa = XCConfigurationList;
			buildConfigurations = (
				6611B1BD243C58C200F9E584 /* Debug */,
				6611B1BE243C58C200F9E584 /* Release */,
			);
			defaultConfigurationIsVisible = 0;
			defaultConfigurationName = Release;
		};
/* End XCConfigurationList section */
	};
	rootObject = 6611B1A0243C58C100F9E584 /* Project object */;
}
